
Microsoft Visual Studio Solution File, Format Version 12.00
# Visual Studio Version 16
VisualStudioVersion = 16.0.29709.97
MinimumVisualStudioVersion = 10.0.40219.1
Project("{8BC9CEB8-8B4A-11D0-8D11-00A0C91BC942}") = "App.5", "App.5\App.5.vcxproj", "{BC95A29A-6DFF-4286-B0E2-C973D6AFDDC2}"
EndProject
Global
	GlobalSection(SolutionConfigurationPlatforms) = preSolution
		Debug|x64 = Debug|x64
		Debug|x86 = Debug|x86
		Release|x64 = Release|x64
		Release|x86 = Release|x86
	EndGlobalSection
	GlobalSection(ProjectConfigurationPlatforms) = postSolution
		{BC95A29A-6DFF-4286-B0E2-C973D6AFDDC2}.Debug|x64.ActiveCfg = Debug|x64
		{BC95A29A-6DFF-4286-B0E2-C973D6AFDDC2}.Debug|x64.Build.0 = Debug|x64
		{BC95A29A-6DFF-4286-B0E2-C973D6AFDDC2}.Debug|x86.ActiveCfg = Debug|Win32
		{BC95A29A-6DFF-4286-B0E2-C973D6AFDDC2}.Debug|x86.Build.0 = Debug|Win32
		{BC95A29A-6DFF-4286-B0E2-C973D6AFDDC2}.Release|x64.ActiveCfg = Release|x64
		{BC95A29A-6DFF-4286-B0E2-C973D6AFDDC2}.Release|x64.Build.0 = Release|x64
		{BC95A29A-6DFF-4286-B0E2-C973D6AFDDC2}.Release|x86.ActiveCfg = Release|Win32
		{BC95A29A-6DFF-4286-B0E2-C973D6AFDDC2}.Release|x86.Build.0 = Release|Win32
	EndGlobalSection
	GlobalSection(SolutionProperties) = preSolution
		HideSolutionNode = FALSE
	EndGlobalSection
	GlobalSection(ExtensibilityGlobals) = postSolution
		SolutionGuid = {13ABA6BA-FF4A-4AAC-B830-81D0CDBE87CF}
	EndGlobalSection
EndGlobal
