
Microsoft Visual Studio Solution File, Format Version 12.00
# Visual Studio Version 16
VisualStudioVersion = 16.0.29709.97
MinimumVisualStudioVersion = 10.0.40219.1
Project("{8BC9CEB8-8B4A-11D0-8D11-00A0C91BC942}") = "科学计数法", "科学计数法\科学计数法.vcxproj", "{CC792140-E001-42F0-B306-974BADCED7B3}"
EndProject
Global
	GlobalSection(SolutionConfigurationPlatforms) = preSolution
		Debug|x64 = Debug|x64
		Debug|x86 = Debug|x86
		Release|x64 = Release|x64
		Release|x86 = Release|x86
	EndGlobalSection
	GlobalSection(ProjectConfigurationPlatforms) = postSolution
		{CC792140-E001-42F0-B306-974BADCED7B3}.Debug|x64.ActiveCfg = Debug|x64
		{CC792140-E001-42F0-B306-974BADCED7B3}.Debug|x64.Build.0 = Debug|x64
		{CC792140-E001-42F0-B306-974BADCED7B3}.Debug|x86.ActiveCfg = Debug|Win32
		{CC792140-E001-42F0-B306-974BADCED7B3}.Debug|x86.Build.0 = Debug|Win32
		{CC792140-E001-42F0-B306-974BADCED7B3}.Release|x64.ActiveCfg = Release|x64
		{CC792140-E001-42F0-B306-974BADCED7B3}.Release|x64.Build.0 = Release|x64
		{CC792140-E001-42F0-B306-974BADCED7B3}.Release|x86.ActiveCfg = Release|Win32
		{CC792140-E001-42F0-B306-974BADCED7B3}.Release|x86.Build.0 = Release|Win32
	EndGlobalSection
	GlobalSection(SolutionProperties) = preSolution
		HideSolutionNode = FALSE
	EndGlobalSection
	GlobalSection(ExtensibilityGlobals) = postSolution
		SolutionGuid = {71363F8B-F83E-4636-941B-866F795D9D3A}
	EndGlobalSection
EndGlobal
